
Microsoft Visual Studio Solution File, Format Version 12.00
# Visual Studio Version 16
VisualStudioVersion = 16.0.31019.35
MinimumVisualStudioVersion = 10.0.40219.1
Project("{FAE04EC0-301F-11D3-BF4B-00C04F79EFBC}") = "Notebook", "Notebook\Notebook.csproj", "{22C135DA-FCB8-4991-B371-D9384CA59CDF}"
EndProject
Global
	GlobalSection(SolutionConfigurationPlatforms) = preSolution
		Debug|Any CPU = Debug|Any CPU
		Release|Any CPU = Release|Any CPU
	EndGlobalSection
	GlobalSection(ProjectConfigurationPlatforms) = postSolution
		{22C135DA-FCB8-4991-B371-D9384CA59CDF}.Debug|Any CPU.ActiveCfg = Debug|Any CPU
		{22C135DA-FCB8-4991-B371-D9384CA59CDF}.Debug|Any CPU.Build.0 = Debug|Any CPU
		{22C135DA-FCB8-4991-B371-D9384CA59CDF}.Release|Any CPU.ActiveCfg = Release|Any CPU
		{22C135DA-FCB8-4991-B371-D9384CA59CDF}.Release|Any CPU.Build.0 = Release|Any CPU
	EndGlobalSection
	GlobalSection(SolutionProperties) = preSolution
		HideSolutionNode = FALSE
	EndGlobalSection
	GlobalSection(ExtensibilityGlobals) = postSolution
		SolutionGuid = {D42A349F-54BE-4558-8438-2B8D5F2FDA66}
	EndGlobalSection
EndGlobal
